// !$*UTF8*$!
{
	archiveVersion = 1;
	classes = {
	};
	objectVersion = 56;
	objects = {

/* Begin PBXBuildFile section */
		A14DBA3D2AA773CC00D2BD6B /* main.swift in Sources */ = {isa = PBXBuildFile; fileRef = A14DBA3C2AA773CC00D2BD6B /* main.swift */; };
		A14DBA442AA7814700D2BD6B /* Inputs.swift in Sources */ = {isa = PBXBuildFile; fileRef = A14DBA432AA7814700D2BD6B /* Inputs.swift */; };
		A14DBA462AA7815400D2BD6B /* Point.swift in Sources */ = {isa = PBXBuildFile; fileRef = A14DBA452AA7815400D2BD6B /* Point.swift */; };
		A14DBA482AA7815D00D2BD6B /* Line.swift in Sources */ = {isa = PBXBuildFile; fileRef = A14DBA472AA7815D00D2BD6B /* Line.swift */; };
		A14DBA4A2AA781EF00D2BD6B /* PolygonUtils.swift in Sources */ = {isa = PBXBuildFile; fileRef = A14DBA492AA781EF00D2BD6B /* PolygonUtils.swift */; };
/* End PBXBuildFile section */

/* Begin PBXCopyFilesBuildPhase section */
		A14DBA372AA773CC00D2BD6B /* CopyFiles */ = {
			isa = PBXCopyFilesBuildPhase;
			buildActionMask = 2147483647;
			dstPath = /usr/share/man/man1/;
			dstSubfolderSpec = 0;
			files = (
			);
			runOnlyForDeploymentPostprocessing = 1;
		};
/* End PBXCopyFilesBuildPhase section */

/* Begin PBXFileReference section */
		A14DBA392AA773CC00D2BD6B /* LillyTask */ = {isa = PBXFileReference; explicitFileType = "compiled.mach-o.executable"; includeInIndex = 0; path = LillyTask; sourceTree = BUILT_PRODUCTS_DIR; };
		A14DBA3C2AA773CC00D2BD6B /* main.swift */ = {isa = PBXFileReference; lastKnownFileType = sourcecode.swift; path = main.swift; sourceTree = "<group>"; };
		A14DBA432AA7814700D2BD6B /* Inputs.swift */ = {isa = PBXFileReference; lastKnownFileType = sourcecode.swift; path = Inputs.swift; sourceTree = "<group>"; };
		A14DBA452AA7815400D2BD6B /* Point.swift */ = {isa = PBXFileReference; lastKnownFileType = sourcecode.swift; path = Point.swift; sourceTree = "<group>"; };
		A14DBA472AA7815D00D2BD6B /* Line.swift */ = {isa = PBXFileReference; lastKnownFileType = sourcecode.swift; path = Line.swift; sourceTree = "<group>"; };
		A14DBA492AA781EF00D2BD6B /* PolygonUtils.swift */ = {isa = PBXFileReference; lastKnownFileType = sourcecode.swift; path = PolygonUtils.swift; sourceTree = "<group>"; };
/* End PBXFileReference section */

/* Begin PBXFrameworksBuildPhase section */
		A14DBA362AA773CC00D2BD6B /* Frameworks */ = {
			isa = PBXFrameworksBuildPhase;
			buildActionMask = 2147483647;
			files = (
			);
			runOnlyForDeploymentPostprocessing = 0;
		};
/* End PBXFrameworksBuildPhase section */

/* Begin PBXGroup section */
		A14DBA302AA773CC00D2BD6B = {
			isa = PBXGroup;
			children = (
				A14DBA3B2AA773CC00D2BD6B /* LillyTask */,
				A14DBA3A2AA773CC00D2BD6B /* Products */,
			);
			sourceTree = "<group>";
		};
		A14DBA3A2AA773CC00D2BD6B /* Products */ = {
			isa = PBXGroup;
			children = (
				A14DBA392AA773CC00D2BD6B /* LillyTask */,
			);
			name = Products;
			sourceTree = "<group>";
		};
		A14DBA3B2AA773CC00D2BD6B /* LillyTask */ = {
			isa = PBXGroup;
			children = (
				A14DBA4C2AA7820200D2BD6B /* Data */,
				A14DBA4B2AA781F500D2BD6B /* Utils */,
				A14DBA3C2AA773CC00D2BD6B /* main.swift */,
			);
			path = LillyTask;
			sourceTree = "<group>";
		};
		A14DBA4B2AA781F500D2BD6B /* Utils */ = {
			isa = PBXGroup;
			children = (
				A14DBA432AA7814700D2BD6B /* Inputs.swift */,
				A14DBA492AA781EF00D2BD6B /* PolygonUtils.swift */,
			);
			path = Utils;
			sourceTree = "<group>";
		};
		A14DBA4C2AA7820200D2BD6B /* Data */ = {
			isa = PBXGroup;
			children = (
				A14DBA452AA7815400D2BD6B /* Point.swift */,
				A14DBA472AA7815D00D2BD6B /* Line.swift */,
			);
			path = Data;
			sourceTree = "<group>";
		};
/* End PBXGroup section */

/* Begin PBXNativeTarget section */
		A14DBA382AA773CC00D2BD6B /* LillyTask */ = {
			isa = PBXNativeTarget;
			buildConfigurationList = A14DBA402AA773CC00D2BD6B /* Build configuration list for PBXNativeTarget "LillyTask" */;
			buildPhases = (
				A14DBA352AA773CC00D2BD6B /* Sources */,
				A14DBA362AA773CC00D2BD6B /* Frameworks */,
				A14DBA372AA773CC00D2BD6B /* CopyFiles */,
			);
			buildRules = (
			);
			dependencies = (
			);
			name = LillyTask;
			productName = LillyTask;
			productReference = A14DBA392AA773CC00D2BD6B /* LillyTask */;
			productType = "com.apple.product-type.tool";
		};
/* End PBXNativeTarget section */

/* Begin PBXProject section */
		A14DBA312AA773CC00D2BD6B /* Project object */ = {
			isa = PBXProject;
			attributes = {
				BuildIndependentTargetsInParallel = 1;
				LastSwiftUpdateCheck = 1430;
				LastUpgradeCheck = 1430;
				TargetAttributes = {
					A14DBA382AA773CC00D2BD6B = {
						CreatedOnToolsVersion = 14.3.1;
					};
				};
			};
			buildConfigurationList = A14DBA342AA773CC00D2BD6B /* Build configuration list for PBXProject "LillyTask" */;
			compatibilityVersion = "Xcode 14.0";
			developmentRegion = en;
			hasScannedForEncodings = 0;
			knownRegions = (
				en,
				Base,
			);
			mainGroup = A14DBA302AA773CC00D2BD6B;
			productRefGroup = A14DBA3A2AA773CC00D2BD6B /* Products */;
			projectDirPath = "";
			projectRoot = "";
			targets = (
				A14DBA382AA773CC00D2BD6B /* LillyTask */,
			);
		};
/* End PBXProject section */

/* Begin PBXSourcesBuildPhase section */
		A14DBA352AA773CC00D2BD6B /* Sources */ = {
			isa = PBXSourcesBuildPhase;
			buildActionMask = 2147483647;
			files = (
				A14DBA442AA7814700D2BD6B /* Inputs.swift in Sources */,
				A14DBA482AA7815D00D2BD6B /* Line.swift in Sources */,
				A14DBA3D2AA773CC00D2BD6B /* main.swift in Sources */,
				A14DBA4A2AA781EF00D2BD6B /* PolygonUtils.swift in Sources */,
				A14DBA462AA7815400D2BD6B /* Point.swift in Sources */,
			);
			runOnlyForDeploymentPostprocessing = 0;
		};
/* End PBXSourcesBuildPhase section */

/* Begin XCBuildConfiguration section */
		A14DBA3E2AA773CC00D2BD6B /* Debug */ = {
			isa = XCBuildConfiguration;
			buildSettings = {
				ALWAYS_SEARCH_USER_PATHS = NO;
				CLANG_ANALYZER_NONNULL = YES;
				CLANG_ANALYZER_NUMBER_OBJECT_CONVERSION = YES_AGGRESSIVE;
				CLANG_CXX_LANGUAGE_STANDARD = "gnu++20";
				CLANG_ENABLE_MODULES = YES;
				CLANG_ENABLE_OBJC_ARC = YES;
				CLANG_ENABLE_OBJC_WEAK = YES;
				CLANG_WARN_BLOCK_CAPTURE_AUTORELEASING = YES;
				CLANG_WARN_BOOL_CONVERSION = YES;
				CLANG_WARN_COMMA = YES;
				CLANG_WARN_CONSTANT_CONVERSION = YES;
				CLANG_WARN_DEPRECATED_OBJC_IMPLEMENTATIONS = YES;
				CLANG_WARN_DIRECT_OBJC_ISA_USAGE = YES_ERROR;
				CLANG_WARN_DOCUMENTATION_COMMENTS = YES;
				CLANG_WARN_EMPTY_BODY = YES;
				CLANG_WARN_ENUM_CONVERSION = YES;
				CLANG_WARN_INFINITE_RECURSION = YES;
				CLANG_WARN_INT_CONVERSION = YES;
				CLANG_WARN_NON_LITERAL_NULL_CONVERSION = YES;
				CLANG_WARN_OBJC_IMPLICIT_RETAIN_SELF = YES;
				CLANG_WARN_OBJC_LITERAL_CONVERSION = YES;
				CLANG_WARN_OBJC_ROOT_CLASS = YES_ERROR;
				CLANG_WARN_QUOTED_INCLUDE_IN_FRAMEWORK_HEADER = YES;
				CLANG_WARN_RANGE_LOOP_ANALYSIS = YES;
				CLANG_WARN_STRICT_PROTOTYPES = YES;
				CLANG_WARN_SUSPICIOUS_MOVE = YES;
				CLANG_WARN_UNGUARDED_AVAILABILITY = YES_AGGRESSIVE;
				CLANG_WARN_UNREACHABLE_CODE = YES;
				CLANG_WARN__DUPLICATE_METHOD_MATCH = YES;
				COPY_PHASE_STRIP = NO;
				DEBUG_INFORMATION_FORMAT = dwarf;
				ENABLE_STRICT_OBJC_MSGSEND = YES;
				ENABLE_TESTABILITY = YES;
				GCC_C_LANGUAGE_STANDARD = gnu11;
				GCC_DYNAMIC_NO_PIC = NO;
				GCC_NO_COMMON_BLOCKS = YES;
				GCC_OPTIMIZATION_LEVEL = 0;
				GCC_PREPROCESSOR_DEFINITIONS = (
					"DEBUG=1",
					"$(inherited)",
				);
				GCC_WARN_64_TO_32_BIT_CONVERSION = YES;
				GCC_WARN_ABOUT_RETURN_TYPE = YES_ERROR;
				GCC_WARN_UNDECLARED_SELECTOR = YES;
				GCC_WARN_UNINITIALIZED_AUTOS = YES_AGGRESSIVE;
				GCC_WARN_UNUSED_FUNCTION = YES;
				GCC_WARN_UNUSED_VARIABLE = YES;
				MACOSX_DEPLOYMENT_TARGET = 13.3;
				MTL_ENABLE_DEBUG_INFO = INCLUDE_SOURCE;
				MTL_FAST_MATH = YES;
				ONLY_ACTIVE_ARCH = YES;
				SDKROOT = macosx;
				SWIFT_ACTIVE_COMPILATION_CONDITIONS = DEBUG;
				SWIFT_OPTIMIZATION_LEVEL = "-Onone";
			};
			name = Debug;
		};
		A14DBA3F2AA773CC00D2BD6B /* Release */ = {
			isa = XCBuildConfiguration;
			buildSettings = {
				ALWAYS_SEARCH_USER_PATHS = NO;
				CLANG_ANALYZER_NONNULL = YES;
				CLANG_ANALYZER_NUMBER_OBJECT_CONVERSION = YES_AGGRESSIVE;
				CLANG_CXX_LANGUAGE_STANDARD = "gnu++20";
				CLANG_ENABLE_MODULES = YES;
				CLANG_ENABLE_OBJC_ARC = YES;
				CLANG_ENABLE_OBJC_WEAK = YES;
				CLANG_WARN_BLOCK_CAPTURE_AUTORELEASING = YES;
				CLANG_WARN_BOOL_CONVERSION = YES;
				CLANG_WARN_COMMA = YES;
				CLANG_WARN_CONSTANT_CONVERSION = YES;
				CLANG_WARN_DEPRECATED_OBJC_IMPLEMENTATIONS = YES;
				CLANG_WARN_DIRECT_OBJC_ISA_USAGE = YES_ERROR;
				CLANG_WARN_DOCUMENTATION_COMMENTS = YES;
				CLANG_WARN_EMPTY_BODY = YES;
				CLANG_WARN_ENUM_CONVERSION = YES;
				CLANG_WARN_INFINITE_RECURSION = YES;
				CLANG_WARN_INT_CONVERSION = YES;
				CLANG_WARN_NON_LITERAL_NULL_CONVERSION = YES;
				CLANG_WARN_OBJC_IMPLICIT_RETAIN_SELF = YES;
				CLANG_WARN_OBJC_LITERAL_CONVERSION = YES;
				CLANG_WARN_OBJC_ROOT_CLASS = YES_ERROR;
				CLANG_WARN_QUOTED_INCLUDE_IN_FRAMEWORK_HEADER = YES;
				CLANG_WARN_RANGE_LOOP_ANALYSIS = YES;
				CLANG_WARN_STRICT_PROTOTYPES = YES;
				CLANG_WARN_SUSPICIOUS_MOVE = YES;
				CLANG_WARN_UNGUARDED_AVAILABILITY = YES_AGGRESSIVE;
				CLANG_WARN_UNREACHABLE_CODE = YES;
				CLANG_WARN__DUPLICATE_METHOD_MATCH = YES;
				COPY_PHASE_STRIP = NO;
				DEBUG_INFORMATION_FORMAT = "dwarf-with-dsym";
				ENABLE_NS_ASSERTIONS = NO;
				ENABLE_STRICT_OBJC_MSGSEND = YES;
				GCC_C_LANGUAGE_STANDARD = gnu11;
				GCC_NO_COMMON_BLOCKS = YES;
				GCC_WARN_64_TO_32_BIT_CONVERSION = YES;
				GCC_WARN_ABOUT_RETURN_TYPE = YES_ERROR;
				GCC_WARN_UNDECLARED_SELECTOR = YES;
				GCC_WARN_UNINITIALIZED_AUTOS = YES_AGGRESSIVE;
				GCC_WARN_UNUSED_FUNCTION = YES;
				GCC_WARN_UNUSED_VARIABLE = YES;
				MACOSX_DEPLOYMENT_TARGET = 13.3;
				MTL_ENABLE_DEBUG_INFO = NO;
				MTL_FAST_MATH = YES;
				SDKROOT = macosx;
				SWIFT_COMPILATION_MODE = wholemodule;
				SWIFT_OPTIMIZATION_LEVEL = "-O";
			};
			name = Release;
		};
		A14DBA412AA773CC00D2BD6B /* Debug */ = {
			isa = XCBuildConfiguration;
			buildSettings = {
				CODE_SIGN_STYLE = Automatic;
				DEVELOPMENT_TEAM = AA3RMFX7UX;
				ENABLE_HARDENED_RUNTIME = YES;
				PRODUCT_NAME = "$(TARGET_NAME)";
				SWIFT_VERSION = 5.0;
			};
			name = Debug;
		};
		A14DBA422AA773CC00D2BD6B /* Release */ = {
			isa = XCBuildConfiguration;
			buildSettings = {
				CODE_SIGN_STYLE = Automatic;
				DEVELOPMENT_TEAM = AA3RMFX7UX;
				ENABLE_HARDENED_RUNTIME = YES;
				PRODUCT_NAME = "$(TARGET_NAME)";
				SWIFT_VERSION = 5.0;
			};
			name = Release;
		};
/* End XCBuildConfiguration section */

/* Begin XCConfigurationList section */
		A14DBA342AA773CC00D2BD6B /* Build configuration list for PBXProject "LillyTask" */ = {
			isa = XCConfigurationList;
			buildConfigurations = (
				A14DBA3E2AA773CC00D2BD6B /* Debug */,
				A14DBA3F2AA773CC00D2BD6B /* Release */,
			);
			defaultConfigurationIsVisible = 0;
			defaultConfigurationName = Release;
		};
		A14DBA402AA773CC00D2BD6B /* Build configuration list for PBXNativeTarget "LillyTask" */ = {
			isa = XCConfigurationList;
			buildConfigurations = (
				A14DBA412AA773CC00D2BD6B /* Debug */,
				A14DBA422AA773CC00D2BD6B /* Release */,
			);
			defaultConfigurationIsVisible = 0;
			defaultConfigurationName = Release;
		};
/* End XCConfigurationList section */
	};
	rootObject = A14DBA312AA773CC00D2BD6B /* Project object */;
}
